
Microsoft Visual Studio Solution File, Format Version 12.00
# Visual Studio Version 17
VisualStudioVersion = 17.11.35327.3
MinimumVisualStudioVersion = 10.0.40219.1
Project("{FAE04EC0-301F-11D3-BF4B-00C04F79EFBC}") = "422Baranov", "422Baranov.csproj", "{A3B9F278-587B-435E-BA81-086B40C461BC}"
EndProject
Global
	GlobalSection(SolutionConfigurationPlatforms) = preSolution
		Debug|Any CPU = Debug|Any CPU
		Release|Any CPU = Release|Any CPU
	EndGlobalSection
	GlobalSection(ProjectConfigurationPlatforms) = postSolution
		{A3B9F278-587B-435E-BA81-086B40C461BC}.Debug|Any CPU.ActiveCfg = Debug|Any CPU
		{A3B9F278-587B-435E-BA81-086B40C461BC}.Debug|Any CPU.Build.0 = Debug|Any CPU
		{A3B9F278-587B-435E-BA81-086B40C461BC}.Release|Any CPU.ActiveCfg = Release|Any CPU
		{A3B9F278-587B-435E-BA81-086B40C461BC}.Release|Any CPU.Build.0 = Release|Any CPU
	EndGlobalSection
	GlobalSection(SolutionProperties) = preSolution
		HideSolutionNode = FALSE
	EndGlobalSection
	GlobalSection(ExtensibilityGlobals) = postSolution
		SolutionGuid = {A7414753-8AAD-4E5F-BDC0-F90357E36367}
	EndGlobalSection
EndGlobal
